
Microsoft Visual Studio Solution File, Format Version 12.00
# Visual Studio Version 16
VisualStudioVersion = 16.0.32126.315
MinimumVisualStudioVersion = 10.0.40219.1
Project("{FAE04EC0-301F-11D3-BF4B-00C04F79EFBC}") = "thetaSuite", "thetaSuite\thetaSuite.csproj", "{0518EA2E-8C76-462B-9DB9-6A1DA69C4E9F}"
EndProject
Project("{FAE04EC0-301F-11D3-BF4B-00C04F79EFBC}") = "uidev", "uidev\uidev.csproj", "{1DB54DE5-00AE-4C40-B056-358049EFE1B4}"
EndProject
Project("{8BC9CEB8-8B4A-11D0-8D11-00A0C91BC942}") = "uiplg", "uiplg\uiplg.vcxproj", "{F439EAE6-E113-4C21-9448-F6E1734B82BA}"
EndProject
Project("{8BC9CEB8-8B4A-11D0-8D11-00A0C91BC942}") = "glui", "glui\glui.vcxproj", "{6F1D65B5-9FC7-4B50-82A1-414C7CF062D9}"
EndProject
Project("{8BC9CEB8-8B4A-11D0-8D11-00A0C91BC942}") = "libtest", "libtest\libtest.vcxproj", "{81166A71-1978-421A-AEA1-0BC44A1DF483}"
EndProject
Project("{8BC9CEB8-8B4A-11D0-8D11-00A0C91BC942}") = "thetaLib", "thetaLib\thetaLib.vcxproj", "{696627B4-402F-4CF9-BA37-B7340702D860}"
EndProject
Global
	GlobalSection(SolutionConfigurationPlatforms) = preSolution
		Debug|Any CPU = Debug|Any CPU
		Debug|x64 = Debug|x64
		Debug|x86 = Debug|x86
		glui_test|Any CPU = glui_test|Any CPU
		glui_test|x64 = glui_test|x64
		glui_test|x86 = glui_test|x86
		Release_Static|Any CPU = Release_Static|Any CPU
		Release_Static|x64 = Release_Static|x64
		Release_Static|x86 = Release_Static|x86
		Release|Any CPU = Release|Any CPU
		Release|x64 = Release|x64
		Release|x86 = Release|x86
	EndGlobalSection
	GlobalSection(ProjectConfigurationPlatforms) = postSolution
		{0518EA2E-8C76-462B-9DB9-6A1DA69C4E9F}.Debug|Any CPU.ActiveCfg = Debug|Any CPU
		{0518EA2E-8C76-462B-9DB9-6A1DA69C4E9F}.Debug|Any CPU.Build.0 = Debug|Any CPU
		{0518EA2E-8C76-462B-9DB9-6A1DA69C4E9F}.Debug|x64.ActiveCfg = Debug|Any CPU
		{0518EA2E-8C76-462B-9DB9-6A1DA69C4E9F}.Debug|x64.Build.0 = Debug|Any CPU
		{0518EA2E-8C76-462B-9DB9-6A1DA69C4E9F}.Debug|x86.ActiveCfg = Debug|Any CPU
		{0518EA2E-8C76-462B-9DB9-6A1DA69C4E9F}.Debug|x86.Build.0 = Debug|Any CPU
		{0518EA2E-8C76-462B-9DB9-6A1DA69C4E9F}.glui_test|Any CPU.ActiveCfg = Release|Any CPU
		{0518EA2E-8C76-462B-9DB9-6A1DA69C4E9F}.glui_test|x64.ActiveCfg = glui_test|Any CPU
		{0518EA2E-8C76-462B-9DB9-6A1DA69C4E9F}.glui_test|x64.Build.0 = glui_test|Any CPU
		{0518EA2E-8C76-462B-9DB9-6A1DA69C4E9F}.glui_test|x86.ActiveCfg = glui_test|Any CPU
		{0518EA2E-8C76-462B-9DB9-6A1DA69C4E9F}.glui_test|x86.Build.0 = glui_test|Any CPU
		{0518EA2E-8C76-462B-9DB9-6A1DA69C4E9F}.Release_Static|Any CPU.ActiveCfg = Release|Any CPU
		{0518EA2E-8C76-462B-9DB9-6A1DA69C4E9F}.Release_Static|Any CPU.Build.0 = Release|Any CPU
		{0518EA2E-8C76-462B-9DB9-6A1DA69C4E9F}.Release_Static|x64.ActiveCfg = Release|Any CPU
		{0518EA2E-8C76-462B-9DB9-6A1DA69C4E9F}.Release_Static|x64.Build.0 = Release|Any CPU
		{0518EA2E-8C76-462B-9DB9-6A1DA69C4E9F}.Release_Static|x86.ActiveCfg = Release|Any CPU
		{0518EA2E-8C76-462B-9DB9-6A1DA69C4E9F}.Release_Static|x86.Build.0 = Release|Any CPU
		{0518EA2E-8C76-462B-9DB9-6A1DA69C4E9F}.Release|Any CPU.ActiveCfg = Release|Any CPU
		{0518EA2E-8C76-462B-9DB9-6A1DA69C4E9F}.Release|Any CPU.Build.0 = Release|Any CPU
		{0518EA2E-8C76-462B-9DB9-6A1DA69C4E9F}.Release|x64.ActiveCfg = Release|Any CPU
		{0518EA2E-8C76-462B-9DB9-6A1DA69C4E9F}.Release|x64.Build.0 = Release|Any CPU
		{0518EA2E-8C76-462B-9DB9-6A1DA69C4E9F}.Release|x86.ActiveCfg = Release|Any CPU
		{0518EA2E-8C76-462B-9DB9-6A1DA69C4E9F}.Release|x86.Build.0 = Release|Any CPU
		{1DB54DE5-00AE-4C40-B056-358049EFE1B4}.Debug|Any CPU.ActiveCfg = Debug|Any CPU
		{1DB54DE5-00AE-4C40-B056-358049EFE1B4}.Debug|Any CPU.Build.0 = Debug|Any CPU
		{1DB54DE5-00AE-4C40-B056-358049EFE1B4}.Debug|x64.ActiveCfg = Debug|Any CPU
		{1DB54DE5-00AE-4C40-B056-358049EFE1B4}.Debug|x64.Build.0 = Debug|Any CPU
		{1DB54DE5-00AE-4C40-B056-358049EFE1B4}.Debug|x86.ActiveCfg = Debug|Any CPU
		{1DB54DE5-00AE-4C40-B056-358049EFE1B4}.Debug|x86.Build.0 = Debug|Any CPU
		{1DB54DE5-00AE-4C40-B056-358049EFE1B4}.glui_test|Any CPU.ActiveCfg = Release|Any CPU
		{1DB54DE5-00AE-4C40-B056-358049EFE1B4}.glui_test|x64.ActiveCfg = glui_test|Any CPU
		{1DB54DE5-00AE-4C40-B056-358049EFE1B4}.glui_test|x64.Build.0 = glui_test|Any CPU
		{1DB54DE5-00AE-4C40-B056-358049EFE1B4}.glui_test|x86.ActiveCfg = glui_test|Any CPU
		{1DB54DE5-00AE-4C40-B056-358049EFE1B4}.glui_test|x86.Build.0 = glui_test|Any CPU
		{1DB54DE5-00AE-4C40-B056-358049EFE1B4}.Release_Static|Any CPU.ActiveCfg = Release|Any CPU
		{1DB54DE5-00AE-4C40-B056-358049EFE1B4}.Release_Static|Any CPU.Build.0 = Release|Any CPU
		{1DB54DE5-00AE-4C40-B056-358049EFE1B4}.Release_Static|x64.ActiveCfg = Release|Any CPU
		{1DB54DE5-00AE-4C40-B056-358049EFE1B4}.Release_Static|x64.Build.0 = Release|Any CPU
		{1DB54DE5-00AE-4C40-B056-358049EFE1B4}.Release_Static|x86.ActiveCfg = Release|Any CPU
		{1DB54DE5-00AE-4C40-B056-358049EFE1B4}.Release_Static|x86.Build.0 = Release|Any CPU
		{1DB54DE5-00AE-4C40-B056-358049EFE1B4}.Release|Any CPU.ActiveCfg = Release|Any CPU
		{1DB54DE5-00AE-4C40-B056-358049EFE1B4}.Release|Any CPU.Build.0 = Release|Any CPU
		{1DB54DE5-00AE-4C40-B056-358049EFE1B4}.Release|x64.ActiveCfg = Release|Any CPU
		{1DB54DE5-00AE-4C40-B056-358049EFE1B4}.Release|x64.Build.0 = Release|Any CPU
		{1DB54DE5-00AE-4C40-B056-358049EFE1B4}.Release|x86.ActiveCfg = Release|Any CPU
		{1DB54DE5-00AE-4C40-B056-358049EFE1B4}.Release|x86.Build.0 = Release|Any CPU
		{F439EAE6-E113-4C21-9448-F6E1734B82BA}.Debug|Any CPU.ActiveCfg = Debug|x64
		{F439EAE6-E113-4C21-9448-F6E1734B82BA}.Debug|x64.ActiveCfg = Debug|x64
		{F439EAE6-E113-4C21-9448-F6E1734B82BA}.Debug|x64.Build.0 = Debug|x64
		{F439EAE6-E113-4C21-9448-F6E1734B82BA}.Debug|x86.ActiveCfg = Debug|Win32
		{F439EAE6-E113-4C21-9448-F6E1734B82BA}.Debug|x86.Build.0 = Debug|Win32
		{F439EAE6-E113-4C21-9448-F6E1734B82BA}.glui_test|Any CPU.ActiveCfg = Release|x64
		{F439EAE6-E113-4C21-9448-F6E1734B82BA}.glui_test|x64.ActiveCfg = glui_test|x64
		{F439EAE6-E113-4C21-9448-F6E1734B82BA}.glui_test|x64.Build.0 = glui_test|x64
		{F439EAE6-E113-4C21-9448-F6E1734B82BA}.glui_test|x86.ActiveCfg = glui_test|Win32
		{F439EAE6-E113-4C21-9448-F6E1734B82BA}.glui_test|x86.Build.0 = glui_test|Win32
		{F439EAE6-E113-4C21-9448-F6E1734B82BA}.Release_Static|Any CPU.ActiveCfg = Release|Win32
		{F439EAE6-E113-4C21-9448-F6E1734B82BA}.Release_Static|Any CPU.Build.0 = Release|Win32
		{F439EAE6-E113-4C21-9448-F6E1734B82BA}.Release_Static|x64.ActiveCfg = Release|x64
		{F439EAE6-E113-4C21-9448-F6E1734B82BA}.Release_Static|x64.Build.0 = Release|x64
		{F439EAE6-E113-4C21-9448-F6E1734B82BA}.Release_Static|x86.ActiveCfg = Release|Win32
		{F439EAE6-E113-4C21-9448-F6E1734B82BA}.Release_Static|x86.Build.0 = Release|Win32
		{F439EAE6-E113-4C21-9448-F6E1734B82BA}.Release|Any CPU.ActiveCfg = Release|x64
		{F439EAE6-E113-4C21-9448-F6E1734B82BA}.Release|Any CPU.Build.0 = Release|x64
		{F439EAE6-E113-4C21-9448-F6E1734B82BA}.Release|x64.ActiveCfg = Release|x64
		{F439EAE6-E113-4C21-9448-F6E1734B82BA}.Release|x64.Build.0 = Release|x64
		{F439EAE6-E113-4C21-9448-F6E1734B82BA}.Release|x86.ActiveCfg = Release|Win32
		{F439EAE6-E113-4C21-9448-F6E1734B82BA}.Release|x86.Build.0 = Release|Win32
		{6F1D65B5-9FC7-4B50-82A1-414C7CF062D9}.Debug|Any CPU.ActiveCfg = Debug|Win32
		{6F1D65B5-9FC7-4B50-82A1-414C7CF062D9}.Debug|x64.ActiveCfg = Debug|x64
		{6F1D65B5-9FC7-4B50-82A1-414C7CF062D9}.Debug|x64.Build.0 = Debug|x64
		{6F1D65B5-9FC7-4B50-82A1-414C7CF062D9}.Debug|x86.ActiveCfg = Debug|Win32
		{6F1D65B5-9FC7-4B50-82A1-414C7CF062D9}.Debug|x86.Build.0 = Debug|Win32
		{6F1D65B5-9FC7-4B50-82A1-414C7CF062D9}.glui_test|Any CPU.ActiveCfg = glui_test|x64
		{6F1D65B5-9FC7-4B50-82A1-414C7CF062D9}.glui_test|Any CPU.Build.0 = glui_test|x64
		{6F1D65B5-9FC7-4B50-82A1-414C7CF062D9}.glui_test|x64.ActiveCfg = glui_test|x64
		{6F1D65B5-9FC7-4B50-82A1-414C7CF062D9}.glui_test|x64.Build.0 = glui_test|x64
		{6F1D65B5-9FC7-4B50-82A1-414C7CF062D9}.glui_test|x86.ActiveCfg = glui_test|Win32
		{6F1D65B5-9FC7-4B50-82A1-414C7CF062D9}.glui_test|x86.Build.0 = glui_test|Win32
		{6F1D65B5-9FC7-4B50-82A1-414C7CF062D9}.Release_Static|Any CPU.ActiveCfg = Release|Win32
		{6F1D65B5-9FC7-4B50-82A1-414C7CF062D9}.Release_Static|Any CPU.Build.0 = Release|Win32
		{6F1D65B5-9FC7-4B50-82A1-414C7CF062D9}.Release_Static|x64.ActiveCfg = Release|x64
		{6F1D65B5-9FC7-4B50-82A1-414C7CF062D9}.Release_Static|x64.Build.0 = Release|x64
		{6F1D65B5-9FC7-4B50-82A1-414C7CF062D9}.Release_Static|x86.ActiveCfg = Release|Win32
		{6F1D65B5-9FC7-4B50-82A1-414C7CF062D9}.Release_Static|x86.Build.0 = Release|Win32
		{6F1D65B5-9FC7-4B50-82A1-414C7CF062D9}.Release|Any CPU.ActiveCfg = Release|x64
		{6F1D65B5-9FC7-4B50-82A1-414C7CF062D9}.Release|Any CPU.Build.0 = Release|x64
		{6F1D65B5-9FC7-4B50-82A1-414C7CF062D9}.Release|x64.ActiveCfg = Release|x64
		{6F1D65B5-9FC7-4B50-82A1-414C7CF062D9}.Release|x64.Build.0 = Release|x64
		{6F1D65B5-9FC7-4B50-82A1-414C7CF062D9}.Release|x86.ActiveCfg = Release|Win32
		{6F1D65B5-9FC7-4B50-82A1-414C7CF062D9}.Release|x86.Build.0 = Release|Win32
		{81166A71-1978-421A-AEA1-0BC44A1DF483}.Debug|Any CPU.ActiveCfg = Debug|Win32
		{81166A71-1978-421A-AEA1-0BC44A1DF483}.Debug|x64.ActiveCfg = Debug|x64
		{81166A71-1978-421A-AEA1-0BC44A1DF483}.Debug|x64.Build.0 = Debug|x64
		{81166A71-1978-421A-AEA1-0BC44A1DF483}.Debug|x86.ActiveCfg = Debug|Win32
		{81166A71-1978-421A-AEA1-0BC44A1DF483}.Debug|x86.Build.0 = Debug|Win32
		{81166A71-1978-421A-AEA1-0BC44A1DF483}.glui_test|Any CPU.ActiveCfg = glui_test|x64
		{81166A71-1978-421A-AEA1-0BC44A1DF483}.glui_test|Any CPU.Build.0 = glui_test|x64
		{81166A71-1978-421A-AEA1-0BC44A1DF483}.glui_test|x64.ActiveCfg = glui_test|x64
		{81166A71-1978-421A-AEA1-0BC44A1DF483}.glui_test|x64.Build.0 = glui_test|x64
		{81166A71-1978-421A-AEA1-0BC44A1DF483}.glui_test|x86.ActiveCfg = glui_test|Win32
		{81166A71-1978-421A-AEA1-0BC44A1DF483}.glui_test|x86.Build.0 = glui_test|Win32
		{81166A71-1978-421A-AEA1-0BC44A1DF483}.Release_Static|Any CPU.ActiveCfg = Release|Win32
		{81166A71-1978-421A-AEA1-0BC44A1DF483}.Release_Static|Any CPU.Build.0 = Release|Win32
		{81166A71-1978-421A-AEA1-0BC44A1DF483}.Release_Static|x64.ActiveCfg = Release|x64
		{81166A71-1978-421A-AEA1-0BC44A1DF483}.Release_Static|x64.Build.0 = Release|x64
		{81166A71-1978-421A-AEA1-0BC44A1DF483}.Release_Static|x86.ActiveCfg = Release|Win32
		{81166A71-1978-421A-AEA1-0BC44A1DF483}.Release_Static|x86.Build.0 = Release|Win32
		{81166A71-1978-421A-AEA1-0BC44A1DF483}.Release|Any CPU.ActiveCfg = Release|x64
		{81166A71-1978-421A-AEA1-0BC44A1DF483}.Release|x64.ActiveCfg = Release|x64
		{81166A71-1978-421A-AEA1-0BC44A1DF483}.Release|x64.Build.0 = Release|x64
		{81166A71-1978-421A-AEA1-0BC44A1DF483}.Release|x86.ActiveCfg = Release|Win32
		{81166A71-1978-421A-AEA1-0BC44A1DF483}.Release|x86.Build.0 = Release|Win32
		{696627B4-402F-4CF9-BA37-B7340702D860}.Debug|Any CPU.ActiveCfg = Debug|Win32
		{696627B4-402F-4CF9-BA37-B7340702D860}.Debug|x64.ActiveCfg = Debug|x64
		{696627B4-402F-4CF9-BA37-B7340702D860}.Debug|x64.Build.0 = Debug|x64
		{696627B4-402F-4CF9-BA37-B7340702D860}.Debug|x86.ActiveCfg = Debug|Win32
		{696627B4-402F-4CF9-BA37-B7340702D860}.Debug|x86.Build.0 = Debug|Win32
		{696627B4-402F-4CF9-BA37-B7340702D860}.glui_test|Any CPU.ActiveCfg = Debug|Win32
		{696627B4-402F-4CF9-BA37-B7340702D860}.glui_test|Any CPU.Build.0 = Debug|Win32
		{696627B4-402F-4CF9-BA37-B7340702D860}.glui_test|x64.ActiveCfg = Debug|x64
		{696627B4-402F-4CF9-BA37-B7340702D860}.glui_test|x64.Build.0 = Debug|x64
		{696627B4-402F-4CF9-BA37-B7340702D860}.glui_test|x86.ActiveCfg = Debug|Win32
		{696627B4-402F-4CF9-BA37-B7340702D860}.glui_test|x86.Build.0 = Debug|Win32
		{696627B4-402F-4CF9-BA37-B7340702D860}.Release_Static|Any CPU.ActiveCfg = Release|Win32
		{696627B4-402F-4CF9-BA37-B7340702D860}.Release_Static|Any CPU.Build.0 = Release|Win32
		{696627B4-402F-4CF9-BA37-B7340702D860}.Release_Static|x64.ActiveCfg = Release|x64
		{696627B4-402F-4CF9-BA37-B7340702D860}.Release_Static|x64.Build.0 = Release|x64
		{696627B4-402F-4CF9-BA37-B7340702D860}.Release_Static|x86.ActiveCfg = Release|Win32
		{696627B4-402F-4CF9-BA37-B7340702D860}.Release_Static|x86.Build.0 = Release|Win32
		{696627B4-402F-4CF9-BA37-B7340702D860}.Release|Any CPU.ActiveCfg = Release|x64
		{696627B4-402F-4CF9-BA37-B7340702D860}.Release|Any CPU.Build.0 = Release|x64
		{696627B4-402F-4CF9-BA37-B7340702D860}.Release|x64.ActiveCfg = Release|x64
		{696627B4-402F-4CF9-BA37-B7340702D860}.Release|x64.Build.0 = Release|x64
		{696627B4-402F-4CF9-BA37-B7340702D860}.Release|x86.ActiveCfg = Release|Win32
		{696627B4-402F-4CF9-BA37-B7340702D860}.Release|x86.Build.0 = Release|Win32
	EndGlobalSection
	GlobalSection(SolutionProperties) = preSolution
		HideSolutionNode = FALSE
	EndGlobalSection
	GlobalSection(ExtensibilityGlobals) = postSolution
		SolutionGuid = {4F50FAE2-035D-4097-B820-BE1BBD27365C}
	EndGlobalSection
EndGlobal
